// !$*UTF8*$!
{
	archiveVersion = 1;
	classes = {
	};
	objectVersion = 56;
	objects = {

/* Begin PBXBuildFile section */
<<<<<<< Updated upstream
		2DCCA4362BCE4BE6008EFCB4 /* AppDelegate.swift in Sources */ = {isa = PBXBuildFile; fileRef = 2DCCA4352BCE4BE6008EFCB4 /* AppDelegate.swift */; };
		2DCCA4382BCE4BE6008EFCB4 /* SceneDelegate.swift in Sources */ = {isa = PBXBuildFile; fileRef = 2DCCA4372BCE4BE6008EFCB4 /* SceneDelegate.swift */; };
		2DCCA43A2BCE4BE6008EFCB4 /* ViewController.swift in Sources */ = {isa = PBXBuildFile; fileRef = 2DCCA4392BCE4BE6008EFCB4 /* ViewController.swift */; };
		2DCCA43D2BCE4BE6008EFCB4 /* Base in Resources */ = {isa = PBXBuildFile; fileRef = 2DCCA43C2BCE4BE6008EFCB4 /* Base */; };
		2DCCA43F2BCE4BE9008EFCB4 /* Assets.xcassets in Resources */ = {isa = PBXBuildFile; fileRef = 2DCCA43E2BCE4BE9008EFCB4 /* Assets.xcassets */; };
		2DCCA4422BCE4BE9008EFCB4 /* Base in Resources */ = {isa = PBXBuildFile; fileRef = 2DCCA4412BCE4BE9008EFCB4 /* Base */; };
/* End PBXBuildFile section */

/* Begin PBXFileReference section */
		2DCCA4322BCE4BE6008EFCB4 /* WanderWise.app */ = {isa = PBXFileReference; explicitFileType = wrapper.application; includeInIndex = 0; path = WanderWise.app; sourceTree = BUILT_PRODUCTS_DIR; };
		2DCCA4352BCE4BE6008EFCB4 /* AppDelegate.swift */ = {isa = PBXFileReference; lastKnownFileType = sourcecode.swift; path = AppDelegate.swift; sourceTree = "<group>"; };
		2DCCA4372BCE4BE6008EFCB4 /* SceneDelegate.swift */ = {isa = PBXFileReference; lastKnownFileType = sourcecode.swift; path = SceneDelegate.swift; sourceTree = "<group>"; };
		2DCCA4392BCE4BE6008EFCB4 /* ViewController.swift */ = {isa = PBXFileReference; lastKnownFileType = sourcecode.swift; path = ViewController.swift; sourceTree = "<group>"; };
		2DCCA43C2BCE4BE6008EFCB4 /* Base */ = {isa = PBXFileReference; lastKnownFileType = file.storyboard; name = Base; path = Base.lproj/Main.storyboard; sourceTree = "<group>"; };
		2DCCA43E2BCE4BE9008EFCB4 /* Assets.xcassets */ = {isa = PBXFileReference; lastKnownFileType = folder.assetcatalog; path = Assets.xcassets; sourceTree = "<group>"; };
		2DCCA4412BCE4BE9008EFCB4 /* Base */ = {isa = PBXFileReference; lastKnownFileType = file.storyboard; name = Base; path = Base.lproj/LaunchScreen.storyboard; sourceTree = "<group>"; };
		2DCCA4432BCE4BE9008EFCB4 /* Info.plist */ = {isa = PBXFileReference; lastKnownFileType = text.plist.xml; path = Info.plist; sourceTree = "<group>"; };
/* End PBXFileReference section */

/* Begin PBXFrameworksBuildPhase section */
		2DCCA42F2BCE4BE6008EFCB4 /* Frameworks */ = {
=======
		2DCCA4562BCE4C99008EFCB4 /* AppDelegate.swift in Sources */ = {isa = PBXBuildFile; fileRef = 2DCCA4552BCE4C99008EFCB4 /* AppDelegate.swift */; };
		2DCCA4582BCE4C99008EFCB4 /* SceneDelegate.swift in Sources */ = {isa = PBXBuildFile; fileRef = 2DCCA4572BCE4C99008EFCB4 /* SceneDelegate.swift */; };
		2DCCA45A2BCE4C99008EFCB4 /* ViewController.swift in Sources */ = {isa = PBXBuildFile; fileRef = 2DCCA4592BCE4C99008EFCB4 /* ViewController.swift */; };
		2DCCA45D2BCE4C99008EFCB4 /* Base in Resources */ = {isa = PBXBuildFile; fileRef = 2DCCA45C2BCE4C99008EFCB4 /* Base */; };
		2DCCA45F2BCE4C9C008EFCB4 /* Assets.xcassets in Resources */ = {isa = PBXBuildFile; fileRef = 2DCCA45E2BCE4C9C008EFCB4 /* Assets.xcassets */; };
		2DCCA4622BCE4C9C008EFCB4 /* Base in Resources */ = {isa = PBXBuildFile; fileRef = 2DCCA4612BCE4C9C008EFCB4 /* Base */; };
/* End PBXBuildFile section */

/* Begin PBXFileReference section */
		2DCCA4522BCE4C99008EFCB4 /* WanderWise.app */ = {isa = PBXFileReference; explicitFileType = wrapper.application; includeInIndex = 0; path = WanderWise.app; sourceTree = BUILT_PRODUCTS_DIR; };
		2DCCA4552BCE4C99008EFCB4 /* AppDelegate.swift */ = {isa = PBXFileReference; lastKnownFileType = sourcecode.swift; path = AppDelegate.swift; sourceTree = "<group>"; };
		2DCCA4572BCE4C99008EFCB4 /* SceneDelegate.swift */ = {isa = PBXFileReference; lastKnownFileType = sourcecode.swift; path = SceneDelegate.swift; sourceTree = "<group>"; };
		2DCCA4592BCE4C99008EFCB4 /* ViewController.swift */ = {isa = PBXFileReference; lastKnownFileType = sourcecode.swift; path = ViewController.swift; sourceTree = "<group>"; };
		2DCCA45C2BCE4C99008EFCB4 /* Base */ = {isa = PBXFileReference; lastKnownFileType = file.storyboard; name = Base; path = Base.lproj/Main.storyboard; sourceTree = "<group>"; };
		2DCCA45E2BCE4C9C008EFCB4 /* Assets.xcassets */ = {isa = PBXFileReference; lastKnownFileType = folder.assetcatalog; path = Assets.xcassets; sourceTree = "<group>"; };
		2DCCA4612BCE4C9C008EFCB4 /* Base */ = {isa = PBXFileReference; lastKnownFileType = file.storyboard; name = Base; path = Base.lproj/LaunchScreen.storyboard; sourceTree = "<group>"; };
		2DCCA4632BCE4C9C008EFCB4 /* Info.plist */ = {isa = PBXFileReference; lastKnownFileType = text.plist.xml; path = Info.plist; sourceTree = "<group>"; };
/* End PBXFileReference section */

/* Begin PBXFrameworksBuildPhase section */
		2DCCA44F2BCE4C99008EFCB4 /* Frameworks */ = {
>>>>>>> Stashed changes
			isa = PBXFrameworksBuildPhase;
			buildActionMask = 2147483647;
			files = (
			);
			runOnlyForDeploymentPostprocessing = 0;
		};
/* End PBXFrameworksBuildPhase section */

/* Begin PBXGroup section */
<<<<<<< Updated upstream
		2DCCA4292BCE4BE6008EFCB4 = {
			isa = PBXGroup;
			children = (
				2DCCA4342BCE4BE6008EFCB4 /* WanderWise */,
				2DCCA4332BCE4BE6008EFCB4 /* Products */,
			);
			sourceTree = "<group>";
		};
		2DCCA4332BCE4BE6008EFCB4 /* Products */ = {
			isa = PBXGroup;
			children = (
				2DCCA4322BCE4BE6008EFCB4 /* WanderWise.app */,
=======
		2DCCA4492BCE4C99008EFCB4 = {
			isa = PBXGroup;
			children = (
				2DCCA4542BCE4C99008EFCB4 /* WanderWise */,
				2DCCA4532BCE4C99008EFCB4 /* Products */,
			);
			sourceTree = "<group>";
		};
		2DCCA4532BCE4C99008EFCB4 /* Products */ = {
			isa = PBXGroup;
			children = (
				2DCCA4522BCE4C99008EFCB4 /* WanderWise.app */,
>>>>>>> Stashed changes
			);
			name = Products;
			sourceTree = "<group>";
		};
<<<<<<< Updated upstream
		2DCCA4342BCE4BE6008EFCB4 /* WanderWise */ = {
			isa = PBXGroup;
			children = (
				2DCCA4352BCE4BE6008EFCB4 /* AppDelegate.swift */,
				2DCCA4372BCE4BE6008EFCB4 /* SceneDelegate.swift */,
				2DCCA4392BCE4BE6008EFCB4 /* ViewController.swift */,
				2DCCA43B2BCE4BE6008EFCB4 /* Main.storyboard */,
				2DCCA43E2BCE4BE9008EFCB4 /* Assets.xcassets */,
				2DCCA4402BCE4BE9008EFCB4 /* LaunchScreen.storyboard */,
				2DCCA4432BCE4BE9008EFCB4 /* Info.plist */,
=======
		2DCCA4542BCE4C99008EFCB4 /* WanderWise */ = {
			isa = PBXGroup;
			children = (
				2DCCA4552BCE4C99008EFCB4 /* AppDelegate.swift */,
				2DCCA4572BCE4C99008EFCB4 /* SceneDelegate.swift */,
				2DCCA4592BCE4C99008EFCB4 /* ViewController.swift */,
				2DCCA45B2BCE4C99008EFCB4 /* Main.storyboard */,
				2DCCA45E2BCE4C9C008EFCB4 /* Assets.xcassets */,
				2DCCA4602BCE4C9C008EFCB4 /* LaunchScreen.storyboard */,
				2DCCA4632BCE4C9C008EFCB4 /* Info.plist */,
>>>>>>> Stashed changes
			);
			path = WanderWise;
			sourceTree = "<group>";
		};
/* End PBXGroup section */

/* Begin PBXNativeTarget section */
<<<<<<< Updated upstream
		2DCCA4312BCE4BE6008EFCB4 /* WanderWise */ = {
			isa = PBXNativeTarget;
			buildConfigurationList = 2DCCA4462BCE4BE9008EFCB4 /* Build configuration list for PBXNativeTarget "WanderWise" */;
			buildPhases = (
				2DCCA42E2BCE4BE6008EFCB4 /* Sources */,
				2DCCA42F2BCE4BE6008EFCB4 /* Frameworks */,
				2DCCA4302BCE4BE6008EFCB4 /* Resources */,
=======
		2DCCA4512BCE4C99008EFCB4 /* WanderWise */ = {
			isa = PBXNativeTarget;
			buildConfigurationList = 2DCCA4662BCE4C9C008EFCB4 /* Build configuration list for PBXNativeTarget "WanderWise" */;
			buildPhases = (
				2DCCA44E2BCE4C99008EFCB4 /* Sources */,
				2DCCA44F2BCE4C99008EFCB4 /* Frameworks */,
				2DCCA4502BCE4C99008EFCB4 /* Resources */,
>>>>>>> Stashed changes
			);
			buildRules = (
			);
			dependencies = (
			);
			name = WanderWise;
			productName = WanderWise;
<<<<<<< Updated upstream
			productReference = 2DCCA4322BCE4BE6008EFCB4 /* WanderWise.app */;
=======
			productReference = 2DCCA4522BCE4C99008EFCB4 /* WanderWise.app */;
>>>>>>> Stashed changes
			productType = "com.apple.product-type.application";
		};
/* End PBXNativeTarget section */

/* Begin PBXProject section */
<<<<<<< Updated upstream
		2DCCA42A2BCE4BE6008EFCB4 /* Project object */ = {
=======
		2DCCA44A2BCE4C99008EFCB4 /* Project object */ = {
>>>>>>> Stashed changes
			isa = PBXProject;
			attributes = {
				BuildIndependentTargetsInParallel = 1;
				LastSwiftUpdateCheck = 1530;
				LastUpgradeCheck = 1530;
				TargetAttributes = {
<<<<<<< Updated upstream
					2DCCA4312BCE4BE6008EFCB4 = {
=======
					2DCCA4512BCE4C99008EFCB4 = {
>>>>>>> Stashed changes
						CreatedOnToolsVersion = 15.3;
					};
				};
			};
<<<<<<< Updated upstream
			buildConfigurationList = 2DCCA42D2BCE4BE6008EFCB4 /* Build configuration list for PBXProject "WanderWise" */;
=======
			buildConfigurationList = 2DCCA44D2BCE4C99008EFCB4 /* Build configuration list for PBXProject "WanderWise" */;
>>>>>>> Stashed changes
			compatibilityVersion = "Xcode 14.0";
			developmentRegion = en;
			hasScannedForEncodings = 0;
			knownRegions = (
				en,
				Base,
			);
<<<<<<< Updated upstream
			mainGroup = 2DCCA4292BCE4BE6008EFCB4;
			productRefGroup = 2DCCA4332BCE4BE6008EFCB4 /* Products */;
			projectDirPath = "";
			projectRoot = "";
			targets = (
				2DCCA4312BCE4BE6008EFCB4 /* WanderWise */,
=======
			mainGroup = 2DCCA4492BCE4C99008EFCB4;
			productRefGroup = 2DCCA4532BCE4C99008EFCB4 /* Products */;
			projectDirPath = "";
			projectRoot = "";
			targets = (
				2DCCA4512BCE4C99008EFCB4 /* WanderWise */,
>>>>>>> Stashed changes
			);
		};
/* End PBXProject section */

/* Begin PBXResourcesBuildPhase section */
<<<<<<< Updated upstream
		2DCCA4302BCE4BE6008EFCB4 /* Resources */ = {
			isa = PBXResourcesBuildPhase;
			buildActionMask = 2147483647;
			files = (
				2DCCA43F2BCE4BE9008EFCB4 /* Assets.xcassets in Resources */,
				2DCCA4422BCE4BE9008EFCB4 /* Base in Resources */,
				2DCCA43D2BCE4BE6008EFCB4 /* Base in Resources */,
=======
		2DCCA4502BCE4C99008EFCB4 /* Resources */ = {
			isa = PBXResourcesBuildPhase;
			buildActionMask = 2147483647;
			files = (
				2DCCA45F2BCE4C9C008EFCB4 /* Assets.xcassets in Resources */,
				2DCCA4622BCE4C9C008EFCB4 /* Base in Resources */,
				2DCCA45D2BCE4C99008EFCB4 /* Base in Resources */,
>>>>>>> Stashed changes
			);
			runOnlyForDeploymentPostprocessing = 0;
		};
/* End PBXResourcesBuildPhase section */

/* Begin PBXSourcesBuildPhase section */
<<<<<<< Updated upstream
		2DCCA42E2BCE4BE6008EFCB4 /* Sources */ = {
			isa = PBXSourcesBuildPhase;
			buildActionMask = 2147483647;
			files = (
				2DCCA43A2BCE4BE6008EFCB4 /* ViewController.swift in Sources */,
				2DCCA4362BCE4BE6008EFCB4 /* AppDelegate.swift in Sources */,
				2DCCA4382BCE4BE6008EFCB4 /* SceneDelegate.swift in Sources */,
=======
		2DCCA44E2BCE4C99008EFCB4 /* Sources */ = {
			isa = PBXSourcesBuildPhase;
			buildActionMask = 2147483647;
			files = (
				2DCCA45A2BCE4C99008EFCB4 /* ViewController.swift in Sources */,
				2DCCA4562BCE4C99008EFCB4 /* AppDelegate.swift in Sources */,
				2DCCA4582BCE4C99008EFCB4 /* SceneDelegate.swift in Sources */,
>>>>>>> Stashed changes
			);
			runOnlyForDeploymentPostprocessing = 0;
		};
/* End PBXSourcesBuildPhase section */

/* Begin PBXVariantGroup section */
<<<<<<< Updated upstream
		2DCCA43B2BCE4BE6008EFCB4 /* Main.storyboard */ = {
			isa = PBXVariantGroup;
			children = (
				2DCCA43C2BCE4BE6008EFCB4 /* Base */,
=======
		2DCCA45B2BCE4C99008EFCB4 /* Main.storyboard */ = {
			isa = PBXVariantGroup;
			children = (
				2DCCA45C2BCE4C99008EFCB4 /* Base */,
>>>>>>> Stashed changes
			);
			name = Main.storyboard;
			sourceTree = "<group>";
		};
<<<<<<< Updated upstream
		2DCCA4402BCE4BE9008EFCB4 /* LaunchScreen.storyboard */ = {
			isa = PBXVariantGroup;
			children = (
				2DCCA4412BCE4BE9008EFCB4 /* Base */,
=======
		2DCCA4602BCE4C9C008EFCB4 /* LaunchScreen.storyboard */ = {
			isa = PBXVariantGroup;
			children = (
				2DCCA4612BCE4C9C008EFCB4 /* Base */,
>>>>>>> Stashed changes
			);
			name = LaunchScreen.storyboard;
			sourceTree = "<group>";
		};
/* End PBXVariantGroup section */

/* Begin XCBuildConfiguration section */
<<<<<<< Updated upstream
		2DCCA4442BCE4BE9008EFCB4 /* Debug */ = {
=======
		2DCCA4642BCE4C9C008EFCB4 /* Debug */ = {
>>>>>>> Stashed changes
			isa = XCBuildConfiguration;
			buildSettings = {
				ALWAYS_SEARCH_USER_PATHS = NO;
				ASSETCATALOG_COMPILER_GENERATE_SWIFT_ASSET_SYMBOL_EXTENSIONS = YES;
				CLANG_ANALYZER_NONNULL = YES;
				CLANG_ANALYZER_NUMBER_OBJECT_CONVERSION = YES_AGGRESSIVE;
				CLANG_CXX_LANGUAGE_STANDARD = "gnu++20";
				CLANG_ENABLE_MODULES = YES;
				CLANG_ENABLE_OBJC_ARC = YES;
				CLANG_ENABLE_OBJC_WEAK = YES;
				CLANG_WARN_BLOCK_CAPTURE_AUTORELEASING = YES;
				CLANG_WARN_BOOL_CONVERSION = YES;
				CLANG_WARN_COMMA = YES;
				CLANG_WARN_CONSTANT_CONVERSION = YES;
				CLANG_WARN_DEPRECATED_OBJC_IMPLEMENTATIONS = YES;
				CLANG_WARN_DIRECT_OBJC_ISA_USAGE = YES_ERROR;
				CLANG_WARN_DOCUMENTATION_COMMENTS = YES;
				CLANG_WARN_EMPTY_BODY = YES;
				CLANG_WARN_ENUM_CONVERSION = YES;
				CLANG_WARN_INFINITE_RECURSION = YES;
				CLANG_WARN_INT_CONVERSION = YES;
				CLANG_WARN_NON_LITERAL_NULL_CONVERSION = YES;
				CLANG_WARN_OBJC_IMPLICIT_RETAIN_SELF = YES;
				CLANG_WARN_OBJC_LITERAL_CONVERSION = YES;
				CLANG_WARN_OBJC_ROOT_CLASS = YES_ERROR;
				CLANG_WARN_QUOTED_INCLUDE_IN_FRAMEWORK_HEADER = YES;
				CLANG_WARN_RANGE_LOOP_ANALYSIS = YES;
				CLANG_WARN_STRICT_PROTOTYPES = YES;
				CLANG_WARN_SUSPICIOUS_MOVE = YES;
				CLANG_WARN_UNGUARDED_AVAILABILITY = YES_AGGRESSIVE;
				CLANG_WARN_UNREACHABLE_CODE = YES;
				CLANG_WARN__DUPLICATE_METHOD_MATCH = YES;
				COPY_PHASE_STRIP = NO;
				DEBUG_INFORMATION_FORMAT = dwarf;
				ENABLE_STRICT_OBJC_MSGSEND = YES;
				ENABLE_TESTABILITY = YES;
				ENABLE_USER_SCRIPT_SANDBOXING = YES;
				GCC_C_LANGUAGE_STANDARD = gnu17;
				GCC_DYNAMIC_NO_PIC = NO;
				GCC_NO_COMMON_BLOCKS = YES;
				GCC_OPTIMIZATION_LEVEL = 0;
				GCC_PREPROCESSOR_DEFINITIONS = (
					"DEBUG=1",
					"$(inherited)",
				);
				GCC_WARN_64_TO_32_BIT_CONVERSION = YES;
				GCC_WARN_ABOUT_RETURN_TYPE = YES_ERROR;
				GCC_WARN_UNDECLARED_SELECTOR = YES;
				GCC_WARN_UNINITIALIZED_AUTOS = YES_AGGRESSIVE;
				GCC_WARN_UNUSED_FUNCTION = YES;
				GCC_WARN_UNUSED_VARIABLE = YES;
				IPHONEOS_DEPLOYMENT_TARGET = 17.4;
				LOCALIZATION_PREFERS_STRING_CATALOGS = YES;
				MTL_ENABLE_DEBUG_INFO = INCLUDE_SOURCE;
				MTL_FAST_MATH = YES;
				ONLY_ACTIVE_ARCH = YES;
				SDKROOT = iphoneos;
				SWIFT_ACTIVE_COMPILATION_CONDITIONS = "DEBUG $(inherited)";
				SWIFT_OPTIMIZATION_LEVEL = "-Onone";
			};
			name = Debug;
		};
<<<<<<< Updated upstream
		2DCCA4452BCE4BE9008EFCB4 /* Release */ = {
=======
		2DCCA4652BCE4C9C008EFCB4 /* Release */ = {
>>>>>>> Stashed changes
			isa = XCBuildConfiguration;
			buildSettings = {
				ALWAYS_SEARCH_USER_PATHS = NO;
				ASSETCATALOG_COMPILER_GENERATE_SWIFT_ASSET_SYMBOL_EXTENSIONS = YES;
				CLANG_ANALYZER_NONNULL = YES;
				CLANG_ANALYZER_NUMBER_OBJECT_CONVERSION = YES_AGGRESSIVE;
				CLANG_CXX_LANGUAGE_STANDARD = "gnu++20";
				CLANG_ENABLE_MODULES = YES;
				CLANG_ENABLE_OBJC_ARC = YES;
				CLANG_ENABLE_OBJC_WEAK = YES;
				CLANG_WARN_BLOCK_CAPTURE_AUTORELEASING = YES;
				CLANG_WARN_BOOL_CONVERSION = YES;
				CLANG_WARN_COMMA = YES;
				CLANG_WARN_CONSTANT_CONVERSION = YES;
				CLANG_WARN_DEPRECATED_OBJC_IMPLEMENTATIONS = YES;
				CLANG_WARN_DIRECT_OBJC_ISA_USAGE = YES_ERROR;
				CLANG_WARN_DOCUMENTATION_COMMENTS = YES;
				CLANG_WARN_EMPTY_BODY = YES;
				CLANG_WARN_ENUM_CONVERSION = YES;
				CLANG_WARN_INFINITE_RECURSION = YES;
				CLANG_WARN_INT_CONVERSION = YES;
				CLANG_WARN_NON_LITERAL_NULL_CONVERSION = YES;
				CLANG_WARN_OBJC_IMPLICIT_RETAIN_SELF = YES;
				CLANG_WARN_OBJC_LITERAL_CONVERSION = YES;
				CLANG_WARN_OBJC_ROOT_CLASS = YES_ERROR;
				CLANG_WARN_QUOTED_INCLUDE_IN_FRAMEWORK_HEADER = YES;
				CLANG_WARN_RANGE_LOOP_ANALYSIS = YES;
				CLANG_WARN_STRICT_PROTOTYPES = YES;
				CLANG_WARN_SUSPICIOUS_MOVE = YES;
				CLANG_WARN_UNGUARDED_AVAILABILITY = YES_AGGRESSIVE;
				CLANG_WARN_UNREACHABLE_CODE = YES;
				CLANG_WARN__DUPLICATE_METHOD_MATCH = YES;
				COPY_PHASE_STRIP = NO;
				DEBUG_INFORMATION_FORMAT = "dwarf-with-dsym";
				ENABLE_NS_ASSERTIONS = NO;
				ENABLE_STRICT_OBJC_MSGSEND = YES;
				ENABLE_USER_SCRIPT_SANDBOXING = YES;
				GCC_C_LANGUAGE_STANDARD = gnu17;
				GCC_NO_COMMON_BLOCKS = YES;
				GCC_WARN_64_TO_32_BIT_CONVERSION = YES;
				GCC_WARN_ABOUT_RETURN_TYPE = YES_ERROR;
				GCC_WARN_UNDECLARED_SELECTOR = YES;
				GCC_WARN_UNINITIALIZED_AUTOS = YES_AGGRESSIVE;
				GCC_WARN_UNUSED_FUNCTION = YES;
				GCC_WARN_UNUSED_VARIABLE = YES;
				IPHONEOS_DEPLOYMENT_TARGET = 17.4;
				LOCALIZATION_PREFERS_STRING_CATALOGS = YES;
				MTL_ENABLE_DEBUG_INFO = NO;
				MTL_FAST_MATH = YES;
				SDKROOT = iphoneos;
				SWIFT_COMPILATION_MODE = wholemodule;
				VALIDATE_PRODUCT = YES;
			};
			name = Release;
		};
<<<<<<< Updated upstream
		2DCCA4472BCE4BE9008EFCB4 /* Debug */ = {
=======
		2DCCA4672BCE4C9C008EFCB4 /* Debug */ = {
>>>>>>> Stashed changes
			isa = XCBuildConfiguration;
			buildSettings = {
				ASSETCATALOG_COMPILER_APPICON_NAME = AppIcon;
				ASSETCATALOG_COMPILER_GLOBAL_ACCENT_COLOR_NAME = AccentColor;
				CODE_SIGN_STYLE = Automatic;
				CURRENT_PROJECT_VERSION = 1;
				GENERATE_INFOPLIST_FILE = YES;
				INFOPLIST_FILE = WanderWise/Info.plist;
				INFOPLIST_KEY_UIApplicationSupportsIndirectInputEvents = YES;
				INFOPLIST_KEY_UILaunchStoryboardName = LaunchScreen;
				INFOPLIST_KEY_UIMainStoryboardFile = Main;
				INFOPLIST_KEY_UISupportedInterfaceOrientations_iPad = "UIInterfaceOrientationPortrait UIInterfaceOrientationPortraitUpsideDown UIInterfaceOrientationLandscapeLeft UIInterfaceOrientationLandscapeRight";
				INFOPLIST_KEY_UISupportedInterfaceOrientations_iPhone = "UIInterfaceOrientationPortrait UIInterfaceOrientationLandscapeLeft UIInterfaceOrientationLandscapeRight";
				LD_RUNPATH_SEARCH_PATHS = (
					"$(inherited)",
					"@executable_path/Frameworks",
				);
				MARKETING_VERSION = 1.0;
				PRODUCT_BUNDLE_IDENTIFIER = geenalimfat.WanderWise;
				PRODUCT_NAME = "$(TARGET_NAME)";
				SWIFT_EMIT_LOC_STRINGS = YES;
				SWIFT_VERSION = 5.0;
				TARGETED_DEVICE_FAMILY = "1,2";
			};
			name = Debug;
		};
<<<<<<< Updated upstream
		2DCCA4482BCE4BE9008EFCB4 /* Release */ = {
=======
		2DCCA4682BCE4C9C008EFCB4 /* Release */ = {
>>>>>>> Stashed changes
			isa = XCBuildConfiguration;
			buildSettings = {
				ASSETCATALOG_COMPILER_APPICON_NAME = AppIcon;
				ASSETCATALOG_COMPILER_GLOBAL_ACCENT_COLOR_NAME = AccentColor;
				CODE_SIGN_STYLE = Automatic;
				CURRENT_PROJECT_VERSION = 1;
				GENERATE_INFOPLIST_FILE = YES;
				INFOPLIST_FILE = WanderWise/Info.plist;
				INFOPLIST_KEY_UIApplicationSupportsIndirectInputEvents = YES;
				INFOPLIST_KEY_UILaunchStoryboardName = LaunchScreen;
				INFOPLIST_KEY_UIMainStoryboardFile = Main;
				INFOPLIST_KEY_UISupportedInterfaceOrientations_iPad = "UIInterfaceOrientationPortrait UIInterfaceOrientationPortraitUpsideDown UIInterfaceOrientationLandscapeLeft UIInterfaceOrientationLandscapeRight";
				INFOPLIST_KEY_UISupportedInterfaceOrientations_iPhone = "UIInterfaceOrientationPortrait UIInterfaceOrientationLandscapeLeft UIInterfaceOrientationLandscapeRight";
				LD_RUNPATH_SEARCH_PATHS = (
					"$(inherited)",
					"@executable_path/Frameworks",
				);
				MARKETING_VERSION = 1.0;
				PRODUCT_BUNDLE_IDENTIFIER = geenalimfat.WanderWise;
				PRODUCT_NAME = "$(TARGET_NAME)";
				SWIFT_EMIT_LOC_STRINGS = YES;
				SWIFT_VERSION = 5.0;
				TARGETED_DEVICE_FAMILY = "1,2";
			};
			name = Release;
		};
/* End XCBuildConfiguration section */

/* Begin XCConfigurationList section */
<<<<<<< Updated upstream
		2DCCA42D2BCE4BE6008EFCB4 /* Build configuration list for PBXProject "WanderWise" */ = {
			isa = XCConfigurationList;
			buildConfigurations = (
				2DCCA4442BCE4BE9008EFCB4 /* Debug */,
				2DCCA4452BCE4BE9008EFCB4 /* Release */,
=======
		2DCCA44D2BCE4C99008EFCB4 /* Build configuration list for PBXProject "WanderWise" */ = {
			isa = XCConfigurationList;
			buildConfigurations = (
				2DCCA4642BCE4C9C008EFCB4 /* Debug */,
				2DCCA4652BCE4C9C008EFCB4 /* Release */,
>>>>>>> Stashed changes
			);
			defaultConfigurationIsVisible = 0;
			defaultConfigurationName = Release;
		};
<<<<<<< Updated upstream
		2DCCA4462BCE4BE9008EFCB4 /* Build configuration list for PBXNativeTarget "WanderWise" */ = {
			isa = XCConfigurationList;
			buildConfigurations = (
				2DCCA4472BCE4BE9008EFCB4 /* Debug */,
				2DCCA4482BCE4BE9008EFCB4 /* Release */,
=======
		2DCCA4662BCE4C9C008EFCB4 /* Build configuration list for PBXNativeTarget "WanderWise" */ = {
			isa = XCConfigurationList;
			buildConfigurations = (
				2DCCA4672BCE4C9C008EFCB4 /* Debug */,
				2DCCA4682BCE4C9C008EFCB4 /* Release */,
>>>>>>> Stashed changes
			);
			defaultConfigurationIsVisible = 0;
			defaultConfigurationName = Release;
		};
/* End XCConfigurationList section */
	};
<<<<<<< Updated upstream
	rootObject = 2DCCA42A2BCE4BE6008EFCB4 /* Project object */;
=======
	rootObject = 2DCCA44A2BCE4C99008EFCB4 /* Project object */;
>>>>>>> Stashed changes
}
